cj.rs/gohugo-asciinema v0.0.0-20211219112355-2e27d65a0404 h1:xxH3QvjFw1chnHhmMQiGqbnmN+fyNuP6+m4BtoBeV9I=
cj.rs/gohugo-asciinema v0.0.0-20211219112355-2e27d65a0404/go.mod h1:LOi9TNDxS4FX8P9N0PzCrqwvnksxP++9dsYbyNL0Fus=
github.com/adityatelange/hugo-PaperMod v0.0.0-20220109054912-72abf7440a07 h1:Cv2K3oWO1gG9lcyvllijhJ5CaBEMzGDA/DkeDx42A0A=
github.com/adityatelange/hugo-PaperMod v0.0.0-20220109054912-72abf7440a07/go.mod h1:HCHxNMKYdGafUYjVV3ICiAqznZK2yH0iI53jqcDFDdQ=
